// !$*UTF8*$!
{
	archiveVersion = 1;
	classes = {
	};
	objectVersion = 50;
	objects = {

/* Begin PBXBuildFile section */
		BA05E0C1230F3CBA0028BE4E /* AppDelegate.swift in Sources */ = {isa = PBXBuildFile; fileRef = BA05E0C0230F3CBA0028BE4E /* AppDelegate.swift */; };
		BA05E0C3230F3CBA0028BE4E /* ViewController.swift in Sources */ = {isa = PBXBuildFile; fileRef = BA05E0C2230F3CBA0028BE4E /* ViewController.swift */; };
		BA05E0C6230F3CBA0028BE4E /* Main.storyboard in Resources */ = {isa = PBXBuildFile; fileRef = BA05E0C4230F3CBA0028BE4E /* Main.storyboard */; };
		BA05E0C8230F3CBB0028BE4E /* Assets.xcassets in Resources */ = {isa = PBXBuildFile; fileRef = BA05E0C7230F3CBB0028BE4E /* Assets.xcassets */; };
		BA05E0CB230F3CBB0028BE4E /* LaunchScreen.storyboard in Resources */ = {isa = PBXBuildFile; fileRef = BA05E0C9230F3CBB0028BE4E /* LaunchScreen.storyboard */; };
/* End PBXBuildFile section */

/* Begin PBXFileReference section */
		BA05E0BD230F3CBA0028BE4E /* CustomUICollectionPart2.app */ = {isa = PBXFileReference; explicitFileType = wrapper.application; includeInIndex = 0; path = CustomUICollectionPart2.app; sourceTree = BUILT_PRODUCTS_DIR; };
		BA05E0C0230F3CBA0028BE4E /* AppDelegate.swift */ = {isa = PBXFileReference; lastKnownFileType = sourcecode.swift; path = AppDelegate.swift; sourceTree = "<group>"; };
		BA05E0C2230F3CBA0028BE4E /* ViewController.swift */ = {isa = PBXFileReference; lastKnownFileType = sourcecode.swift; path = ViewController.swift; sourceTree = "<group>"; };
		BA05E0C5230F3CBA0028BE4E /* Base */ = {isa = PBXFileReference; lastKnownFileType = file.storyboard; name = Base; path = Base.lproj/Main.storyboard; sourceTree = "<group>"; };
		BA05E0C7230F3CBB0028BE4E /* Assets.xcassets */ = {isa = PBXFileReference; lastKnownFileType = folder.assetcatalog; path = Assets.xcassets; sourceTree = "<group>"; };
		BA05E0CA230F3CBB0028BE4E /* Base */ = {isa = PBXFileReference; lastKnownFileType = file.storyboard; name = Base; path = Base.lproj/LaunchScreen.storyboard; sourceTree = "<group>"; };
		BA05E0CC230F3CBB0028BE4E /* Info.plist */ = {isa = PBXFileReference; lastKnownFileType = text.plist.xml; path = Info.plist; sourceTree = "<group>"; };
/* End PBXFileReference section */

/* Begin PBXFrameworksBuildPhase section */
		BA05E0BA230F3CB90028BE4E /* Frameworks */ = {
			isa = PBXFrameworksBuildPhase;
			buildActionMask = 2147483647;
			files = (
			);
			runOnlyForDeploymentPostprocessing = 0;
		};
/* End PBXFrameworksBuildPhase section */

/* Begin PBXGroup section */
		BA05E0B4230F3CB90028BE4E = {
			isa = PBXGroup;
			children = (
				BA05E0BF230F3CBA0028BE4E /* CustomUICollectionPart2 */,
				BA05E0BE230F3CBA0028BE4E /* Products */,
			);
			sourceTree = "<group>";
		};
		BA05E0BE230F3CBA0028BE4E /* Products */ = {
			isa = PBXGroup;
			children = (
				BA05E0BD230F3CBA0028BE4E /* CustomUICollectionPart2.app */,
			);
			name = Products;
			sourceTree = "<group>";
		};
		BA05E0BF230F3CBA0028BE4E /* CustomUICollectionPart2 */ = {
			isa = PBXGroup;
			children = (
				BA05E0C0230F3CBA0028BE4E /* AppDelegate.swift */,
				BA05E0C2230F3CBA0028BE4E /* ViewController.swift */,
				BA05E0C4230F3CBA0028BE4E /* Main.storyboard */,
				BA05E0C7230F3CBB0028BE4E /* Assets.xcassets */,
				BA05E0C9230F3CBB0028BE4E /* LaunchScreen.storyboard */,
				BA05E0CC230F3CBB0028BE4E /* Info.plist */,
			);
			path = CustomUICollectionPart2;
			sourceTree = "<group>";
		};
/* End PBXGroup section */

/* Begin PBXNativeTarget section */
		BA05E0BC230F3CB90028BE4E /* CustomUICollectionPart2 */ = {
			isa = PBXNativeTarget;
			buildConfigurationList = BA05E0CF230F3CBB0028BE4E /* Build configuration list for PBXNativeTarget "CustomUICollectionPart2" */;
			buildPhases = (
				BA05E0B9230F3CB90028BE4E /* Sources */,
				BA05E0BA230F3CB90028BE4E /* Frameworks */,
				BA05E0BB230F3CB90028BE4E /* Resources */,
			);
			buildRules = (
			);
			dependencies = (
			);
			name = CustomUICollectionPart2;
			productName = CustomUICollectionPart2;
			productReference = BA05E0BD230F3CBA0028BE4E /* CustomUICollectionPart2.app */;
			productType = "com.apple.product-type.application";
		};
/* End PBXNativeTarget section */

/* Begin PBXProject section */
		BA05E0B5230F3CB90028BE4E /* Project object */ = {
			isa = PBXProject;
			attributes = {
				LastSwiftUpdateCheck = 1020;
				LastUpgradeCheck = 1020;
				ORGANIZATIONNAME = Mohamed74;
				TargetAttributes = {
					BA05E0BC230F3CB90028BE4E = {
						CreatedOnToolsVersion = 10.2;
					};
				};
			};
			buildConfigurationList = BA05E0B8230F3CB90028BE4E /* Build configuration list for PBXProject "CustomUICollectionPart2" */;
			compatibilityVersion = "Xcode 9.3";
			developmentRegion = en;
			hasScannedForEncodings = 0;
			knownRegions = (
				en,
				Base,
			);
			mainGroup = BA05E0B4230F3CB90028BE4E;
			productRefGroup = BA05E0BE230F3CBA0028BE4E /* Products */;
			projectDirPath = "";
			projectRoot = "";
			targets = (
				BA05E0BC230F3CB90028BE4E /* CustomUICollectionPart2 */,
			);
		};
/* End PBXProject section */

/* Begin PBXResourcesBuildPhase section */
		BA05E0BB230F3CB90028BE4E /* Resources */ = {
			isa = PBXResourcesBuildPhase;
			buildActionMask = 2147483647;
			files = (
				BA05E0CB230F3CBB0028BE4E /* LaunchScreen.storyboard in Resources */,
				BA05E0C8230F3CBB0028BE4E /* Assets.xcassets in Resources */,
				BA05E0C6230F3CBA0028BE4E /* Main.storyboard in Resources */,
			);
			runOnlyForDeploymentPostprocessing = 0;
		};
/* End PBXResourcesBuildPhase section */

/* Begin PBXSourcesBuildPhase section */
		BA05E0B9230F3CB90028BE4E /* Sources */ = {
			isa = PBXSourcesBuildPhase;
			buildActionMask = 2147483647;
			files = (
				BA05E0C3230F3CBA0028BE4E /* ViewController.swift in Sources */,
				BA05E0C1230F3CBA0028BE4E /* AppDelegate.swift in Sources */,
			);
			runOnlyForDeploymentPostprocessing = 0;
		};
/* End PBXSourcesBuildPhase section */

/* Begin PBXVariantGroup section */
		BA05E0C4230F3CBA0028BE4E /* Main.storyboard */ = {
			isa = PBXVariantGroup;
			children = (
				BA05E0C5230F3CBA0028BE4E /* Base */,
			);
			name = Main.storyboard;
			sourceTree = "<group>";
		};
		BA05E0C9230F3CBB0028BE4E /* LaunchScreen.storyboard */ = {
			isa = PBXVariantGroup;
			children = (
				BA05E0CA230F3CBB0028BE4E /* Base */,
			);
			name = LaunchScreen.storyboard;
			sourceTree = "<group>";
		};
/* End PBXVariantGroup section */

/* Begin XCBuildConfiguration section */
		BA05E0CD230F3CBB0028BE4E /* Debug */ = {
			isa = XCBuildConfiguration;
			buildSettings = {
				ALWAYS_SEARCH_USER_PATHS = NO;
				CLANG_ANALYZER_NONNULL = YES;
				CLANG_ANALYZER_NUMBER_OBJECT_CONVERSION = YES_AGGRESSIVE;
				CLANG_CXX_LANGUAGE_STANDARD = "gnu++14";
				CLANG_CXX_LIBRARY = "libc++";
				CLANG_ENABLE_MODULES = YES;
				CLANG_ENABLE_OBJC_ARC = YES;
				CLANG_ENABLE_OBJC_WEAK = YES;
				CLANG_WARN_BLOCK_CAPTURE_AUTORELEASING = YES;
				CLANG_WARN_BOOL_CONVERSION = YES;
				CLANG_WARN_COMMA = YES;
				CLANG_WARN_CONSTANT_CONVERSION = YES;
				CLANG_WARN_DEPRECATED_OBJC_IMPLEMENTATIONS = YES;
				CLANG_WARN_DIRECT_OBJC_ISA_USAGE = YES_ERROR;
				CLANG_WARN_DOCUMENTATION_COMMENTS = YES;
				CLANG_WARN_EMPTY_BODY = YES;
				CLANG_WARN_ENUM_CONVERSION = YES;
				CLANG_WARN_INFINITE_RECURSION = YES;
				CLANG_WARN_INT_CONVERSION = YES;
				CLANG_WARN_NON_LITERAL_NULL_CONVERSION = YES;
				CLANG_WARN_OBJC_IMPLICIT_RETAIN_SELF = YES;
				CLANG_WARN_OBJC_LITERAL_CONVERSION = YES;
				CLANG_WARN_OBJC_ROOT_CLASS = YES_ERROR;
				CLANG_WARN_RANGE_LOOP_ANALYSIS = YES;
				CLANG_WARN_STRICT_PROTOTYPES = YES;
				CLANG_WARN_SUSPICIOUS_MOVE = YES;
				CLANG_WARN_UNGUARDED_AVAILABILITY = YES_AGGRESSIVE;
				CLANG_WARN_UNREACHABLE_CODE = YES;
				CLANG_WARN__DUPLICATE_METHOD_MATCH = YES;
				CODE_SIGN_IDENTITY = "iPhone Developer";
				COPY_PHASE_STRIP = NO;
				DEBUG_INFORMATION_FORMAT = dwarf;
				ENABLE_STRICT_OBJC_MSGSEND = YES;
				ENABLE_TESTABILITY = YES;
				GCC_C_LANGUAGE_STANDARD = gnu11;
				GCC_DYNAMIC_NO_PIC = NO;
				GCC_NO_COMMON_BLOCKS = YES;
				GCC_OPTIMIZATION_LEVEL = 0;
				GCC_PREPROCESSOR_DEFINITIONS = (
					"DEBUG=1",
					"$(inherited)",
				);
				GCC_WARN_64_TO_32_BIT_CONVERSION = YES;
				GCC_WARN_ABOUT_RETURN_TYPE = YES_ERROR;
				GCC_WARN_UNDECLARED_SELECTOR = YES;
				GCC_WARN_UNINITIALIZED_AUTOS = YES_AGGRESSIVE;
				GCC_WARN_UNUSED_FUNCTION = YES;
				GCC_WARN_UNUSED_VARIABLE = YES;
				IPHONEOS_DEPLOYMENT_TARGET = 12.2;
				MTL_ENABLE_DEBUG_INFO = INCLUDE_SOURCE;
				MTL_FAST_MATH = YES;
				ONLY_ACTIVE_ARCH = YES;
				SDKROOT = iphoneos;
				SWIFT_ACTIVE_COMPILATION_CONDITIONS = DEBUG;
				SWIFT_OPTIMIZATION_LEVEL = "-Onone";
			};
			name = Debug;
		};
		BA05E0CE230F3CBB0028BE4E /* Release */ = {
			isa = XCBuildConfiguration;
			buildSettings = {
				ALWAYS_SEARCH_USER_PATHS = NO;
				CLANG_ANALYZER_NONNULL = YES;
				CLANG_ANALYZER_NUMBER_OBJECT_CONVERSION = YES_AGGRESSIVE;
				CLANG_CXX_LANGUAGE_STANDARD = "gnu++14";
				CLANG_CXX_LIBRARY = "libc++";
				CLANG_ENABLE_MODULES = YES;
				CLANG_ENABLE_OBJC_ARC = YES;
				CLANG_ENABLE_OBJC_WEAK = YES;
				CLANG_WARN_BLOCK_CAPTURE_AUTORELEASING = YES;
				CLANG_WARN_BOOL_CONVERSION = YES;
				CLANG_WARN_COMMA = YES;
				CLANG_WARN_CONSTANT_CONVERSION = YES;
				CLANG_WARN_DEPRECATED_OBJC_IMPLEMENTATIONS = YES;
				CLANG_WARN_DIRECT_OBJC_ISA_USAGE = YES_ERROR;
				CLANG_WARN_DOCUMENTATION_COMMENTS = YES;
				CLANG_WARN_EMPTY_BODY = YES;
				CLANG_WARN_ENUM_CONVERSION = YES;
				CLANG_WARN_INFINITE_RECURSION = YES;
				CLANG_WARN_INT_CONVERSION = YES;
				CLANG_WARN_NON_LITERAL_NULL_CONVERSION = YES;
				CLANG_WARN_OBJC_IMPLICIT_RETAIN_SELF = YES;
				CLANG_WARN_OBJC_LITERAL_CONVERSION = YES;
				CLANG_WARN_OBJC_ROOT_CLASS = YES_ERROR;
				CLANG_WARN_RANGE_LOOP_ANALYSIS = YES;
				CLANG_WARN_STRICT_PROTOTYPES = YES;
				CLANG_WARN_SUSPICIOUS_MOVE = YES;
				CLANG_WARN_UNGUARDED_AVAILABILITY = YES_AGGRESSIVE;
				CLANG_WARN_UNREACHABLE_CODE = YES;
				CLANG_WARN__DUPLICATE_METHOD_MATCH = YES;
				CODE_SIGN_IDENTITY = "iPhone Developer";
				COPY_PHASE_STRIP = NO;
				DEBUG_INFORMATION_FORMAT = "dwarf-with-dsym";
				ENABLE_NS_ASSERTIONS = NO;
				ENABLE_STRICT_OBJC_MSGSEND = YES;
				GCC_C_LANGUAGE_STANDARD = gnu11;
				GCC_NO_COMMON_BLOCKS = YES;
				GCC_WARN_64_TO_32_BIT_CONVERSION = YES;
				GCC_WARN_ABOUT_RETURN_TYPE = YES_ERROR;
				GCC_WARN_UNDECLARED_SELECTOR = YES;
				GCC_WARN_UNINITIALIZED_AUTOS = YES_AGGRESSIVE;
				GCC_WARN_UNUSED_FUNCTION = YES;
				GCC_WARN_UNUSED_VARIABLE = YES;
				IPHONEOS_DEPLOYMENT_TARGET = 12.2;
				MTL_ENABLE_DEBUG_INFO = NO;
				MTL_FAST_MATH = YES;
				SDKROOT = iphoneos;
				SWIFT_COMPILATION_MODE = wholemodule;
				SWIFT_OPTIMIZATION_LEVEL = "-O";
				VALIDATE_PRODUCT = YES;
			};
			name = Release;
		};
		BA05E0D0230F3CBB0028BE4E /* Debug */ = {
			isa = XCBuildConfiguration;
			buildSettings = {
				ASSETCATALOG_COMPILER_APPICON_NAME = AppIcon;
				CODE_SIGN_STYLE = Automatic;
				INFOPLIST_FILE = CustomUICollectionPart2/Info.plist;
				LD_RUNPATH_SEARCH_PATHS = (
					"$(inherited)",
					"@executable_path/Frameworks",
				);
				PRODUCT_BUNDLE_IDENTIFIER = "Mohamed-osama.CustomUICollectionPart2";
				PRODUCT_NAME = "$(TARGET_NAME)";
				SWIFT_VERSION = 5.0;
				TARGETED_DEVICE_FAMILY = "1,2";
			};
			name = Debug;
		};
		BA05E0D1230F3CBB0028BE4E /* Release */ = {
			isa = XCBuildConfiguration;
			buildSettings = {
				ASSETCATALOG_COMPILER_APPICON_NAME = AppIcon;
				CODE_SIGN_STYLE = Automatic;
				INFOPLIST_FILE = CustomUICollectionPart2/Info.plist;
				LD_RUNPATH_SEARCH_PATHS = (
					"$(inherited)",
					"@executable_path/Frameworks",
				);
				PRODUCT_BUNDLE_IDENTIFIER = "Mohamed-osama.CustomUICollectionPart2";
				PRODUCT_NAME = "$(TARGET_NAME)";
				SWIFT_VERSION = 5.0;
				TARGETED_DEVICE_FAMILY = "1,2";
			};
			name = Release;
		};
/* End XCBuildConfiguration section */

/* Begin XCConfigurationList section */
		BA05E0B8230F3CB90028BE4E /* Build configuration list for PBXProject "CustomUICollectionPart2" */ = {
			isa = XCConfigurationList;
			buildConfigurations = (
				BA05E0CD230F3CBB0028BE4E /* Debug */,
				BA05E0CE230F3CBB0028BE4E /* Release */,
			);
			defaultConfigurationIsVisible = 0;
			defaultConfigurationName = Release;
		};
		BA05E0CF230F3CBB0028BE4E /* Build configuration list for PBXNativeTarget "CustomUICollectionPart2" */ = {
			isa = XCConfigurationList;
			buildConfigurations = (
				BA05E0D0230F3CBB0028BE4E /* Debug */,
				BA05E0D1230F3CBB0028BE4E /* Release */,
			);
			defaultConfigurationIsVisible = 0;
			defaultConfigurationName = Release;
		};
/* End XCConfigurationList section */
	};
	rootObject = BA05E0B5230F3CB90028BE4E /* Project object */;
}
